# THIS IS AN AUTOGENERATED FILE. DO NOT EDIT THIS FILE DIRECTLY.
# yarn lockfile v1


vuejs@^3.0.1:
  version "3.0.1"
  resolved "https://registry.yarnpkg.com/vuejs/-/vuejs-3.0.1.tgz#8e2391b5dcfd7f6c238629b0d75b14568babd285"
  integrity sha512-7SBlojmqoRX8/GIyWU+4U2sZsefLY+KrD0z7F20G9xsDcQOu6vAlWOqcPAKp+Ym4u394budHBRFv8t36cPxUxg==

vuex@^3.1.2:
  version "3.1.2"
  resolved "https://registry.yarnpkg.com/vuex/-/vuex-3.1.2.tgz#a2863f4005aa73f2587e55c3fadf3f01f69c7d4d"
  integrity sha512-ha3jNLJqNhhrAemDXcmMJMKf1Zu4sybMPr9KxJIuOpVcsDQlTBYLLladav2U+g1AvdYDG5Gs0xBTb0M5pXXYFQ==
